
Microsoft Visual Studio Solution File, Format Version 12.00
# Visual Studio Version 17
VisualStudioVersion = 17.9.34622.214
MinimumVisualStudioVersion = 10.0.40219.1
Project("{FAE04EC0-301F-11D3-BF4B-00C04F79EFBC}") = "AppMvcBasica", "AppMvcBasica\AppMvcBasica.csproj", "{956DC874-A833-4B4B-B2F3-7039A184A73C}"
EndProject
Global
	GlobalSection(SolutionConfigurationPlatforms) = preSolution
		Debug|Any CPU = Debug|Any CPU
		Release|Any CPU = Release|Any CPU
	EndGlobalSection
	GlobalSection(ProjectConfigurationPlatforms) = postSolution
		{956DC874-A833-4B4B-B2F3-7039A184A73C}.Debug|Any CPU.ActiveCfg = Debug|Any CPU
		{956DC874-A833-4B4B-B2F3-7039A184A73C}.Debug|Any CPU.Build.0 = Debug|Any CPU
		{956DC874-A833-4B4B-B2F3-7039A184A73C}.Release|Any CPU.ActiveCfg = Release|Any CPU
		{956DC874-A833-4B4B-B2F3-7039A184A73C}.Release|Any CPU.Build.0 = Release|Any CPU
	EndGlobalSection
	GlobalSection(SolutionProperties) = preSolution
		HideSolutionNode = FALSE
	EndGlobalSection
	GlobalSection(ExtensibilityGlobals) = postSolution
		SolutionGuid = {86DA0980-4546-48BD-9856-14C01E47D4F8}
	EndGlobalSection
EndGlobal
